<?xml version="1.0" encoding="utf-8"?>
<Project ToolsVersion="4.0" xmlns="http://schemas.microsoft.com/developer/msbuild/2003">
  <ItemGroup>
    <Filter Include="src">
      <UniqueIdentifier>{0b974760-1021-4888-aaee-38739ffccec2}</UniqueIdentifier>
    </Filter>
    <Filter Include="header">
      <UniqueIdentifier>{b550d0b3-f975-455a-bb5c-a1d5e3c715d0}</UniqueIdentifier>
    </Filter>
    <Filter Include="asm">
      <UniqueIdentifier>{d219442e-9ece-47aa-8c0f-dea70aa3bb4a}</UniqueIdentifier>
    </Filter>
  </ItemGroup>
  <ItemGroup>
    <ClCompile Include="src\funcs.cc">
      <Filter>src</Filter>
    </ClCompile>
    <ClCompile Include="src\main.cc">
      <Filter>src</Filter>
    </ClCompile>
  </ItemGroup>
  <ItemGroup>
    <ClInclude Include="header\MiscDef.h">
      <Filter>header</Filter>
    </ClInclude>
  </ItemGroup>
  <ItemGroup>
    <MASM Include="asm\sseStringCalcLength.asm">
      <Filter>asm</Filter>
    </MASM>
    <MASM Include="asm\sseStringReplace.asm">
      <Filter>asm</Filter>
    </MASM>
  </ItemGroup>
</Project>