<?xml version="1.0" encoding="utf-8"?>
<Project ToolsVersion="4.0" xmlns="http://schemas.microsoft.com/developer/msbuild/2003">
  <ItemGroup>
    <Filter Include="src">
      <UniqueIdentifier>{3793d13f-342c-4e38-ba06-0d08d9e7ae7a}</UniqueIdentifier>
    </Filter>
    <Filter Include="header">
      <UniqueIdentifier>{3bc630ba-1df5-496c-b9db-8c3346b388bd}</UniqueIdentifier>
    </Filter>
    <Filter Include="asm">
      <UniqueIdentifier>{09371dfd-18fa-43c7-8a45-cdb700b406af}</UniqueIdentifier>
    </Filter>
  </ItemGroup>
  <ItemGroup>
    <ClCompile Include="src\funcs.cc">
      <Filter>src</Filter>
    </ClCompile>
    <ClCompile Include="src\main.cc">
      <Filter>src</Filter>
    </ClCompile>
  </ItemGroup>
  <ItemGroup>
    <ClInclude Include="header\MiscDef.h">
      <Filter>header</Filter>
    </ClInclude>
    <ClInclude Include="header\xmmVal.h">
      <Filter>header</Filter>
    </ClInclude>
  </ItemGroup>
  <ItemGroup>
    <MASM Include="asm\IntegerArithmetic.asm">
      <Filter>asm</Filter>
    </MASM>
    <MASM Include="asm\MemoryAddress.asm">
      <Filter>asm</Filter>
    </MASM>
    <MASM Include="asm\IntegerOperand.asm">
      <Filter>asm</Filter>
    </MASM>
    <MASM Include="asm\FloatPointArithmetic.asm">
      <Filter>asm</Filter>
    </MASM>
    <MASM Include="asm\CallConvention.asm">
      <Filter>asm</Filter>
    </MASM>
    <MASM Include="asm\CallConventionNonVolatileXMM.asm">
      <Filter>asm</Filter>
    </MASM>
    <MASM Include="asm\CallConventionNonVolatile.asm" />
    <MASM Include="asm\CallConventionAutomate.asm">
      <Filter>asm</Filter>
    </MASM>
  </ItemGroup>
  <ItemGroup>
    <None Include="asm\autoMacro.inc">
      <Filter>asm</Filter>
    </None>
  </ItemGroup>
</Project>