
Microsoft Visual Studio Solution File, Format Version 12.00
# Visual Studio Version 16
VisualStudioVersion = 16.0.30413.136
MinimumVisualStudioVersion = 10.0.40219.1
Project("{8BC9CEB8-8B4A-11D0-8D11-00A0C91BC942}") = "SSE", "SSE.vcxproj", "{D7B33BD1-8CC8-4A29-BF00-CA091CFFADAC}"
EndProject
Global
	GlobalSection(SolutionConfigurationPlatforms) = preSolution
		Debug|x64 = Debug|x64
		Debug|x86 = Debug|x86
		Release|x64 = Release|x64
		Release|x86 = Release|x86
	EndGlobalSection
	GlobalSection(ProjectConfigurationPlatforms) = postSolution
		{D7B33BD1-8CC8-4A29-BF00-CA091CFFADAC}.Debug|x64.ActiveCfg = Debug|x64
		{D7B33BD1-8CC8-4A29-BF00-CA091CFFADAC}.Debug|x64.Build.0 = Debug|x64
		{D7B33BD1-8CC8-4A29-BF00-CA091CFFADAC}.Debug|x86.ActiveCfg = Debug|Win32
		{D7B33BD1-8CC8-4A29-BF00-CA091CFFADAC}.Debug|x86.Build.0 = Debug|Win32
		{D7B33BD1-8CC8-4A29-BF00-CA091CFFADAC}.Release|x64.ActiveCfg = Release|x64
		{D7B33BD1-8CC8-4A29-BF00-CA091CFFADAC}.Release|x64.Build.0 = Release|x64
		{D7B33BD1-8CC8-4A29-BF00-CA091CFFADAC}.Release|x86.ActiveCfg = Release|Win32
		{D7B33BD1-8CC8-4A29-BF00-CA091CFFADAC}.Release|x86.Build.0 = Release|Win32
	EndGlobalSection
	GlobalSection(SolutionProperties) = preSolution
		HideSolutionNode = FALSE
	EndGlobalSection
	GlobalSection(ExtensibilityGlobals) = postSolution
		SolutionGuid = {08541231-2DF9-4DA5-81FA-4B1B59CD8720}
	EndGlobalSection
EndGlobal
