<?xml version="1.0" encoding="utf-8"?>
<Project ToolsVersion="4.0" xmlns="http://schemas.microsoft.com/developer/msbuild/2003">
  <ItemGroup>
    <Filter Include="src">
      <UniqueIdentifier>{3e254580-3e79-46f3-a8fa-f8b46862e396}</UniqueIdentifier>
    </Filter>
    <Filter Include="header">
      <UniqueIdentifier>{66661794-5b10-436b-89ce-5512af0aa060}</UniqueIdentifier>
    </Filter>
    <Filter Include="asm">
      <UniqueIdentifier>{005c10c8-b86b-4115-a091-ef012571d448}</UniqueIdentifier>
    </Filter>
  </ItemGroup>
  <ItemGroup>
    <ClCompile Include="src\funcs.cc">
      <Filter>src</Filter>
    </ClCompile>
    <ClCompile Include="src\main.cc">
      <Filter>src</Filter>
    </ClCompile>
    <ClCompile Include="src\ymmVal.cc">
      <Filter>src</Filter>
    </ClCompile>
    <ClCompile Include="src\xmmVal.cc">
      <Filter>src</Filter>
    </ClCompile>
  </ItemGroup>
  <ItemGroup>
    <ClInclude Include="header\MiscDef.h">
      <Filter>header</Filter>
    </ClInclude>
    <ClInclude Include="header\ymmVal.h">
      <Filter>header</Filter>
    </ClInclude>
    <ClInclude Include="header\cpuid.h">
      <Filter>header</Filter>
    </ClInclude>
    <ClInclude Include="header\xmmVal.h">
      <Filter>header</Filter>
    </ClInclude>
  </ItemGroup>
  <ItemGroup>
    <MASM Include="asm\avxFloatPointCompare.asm">
      <Filter>asm</Filter>
    </MASM>
    <MASM Include="asm\avcPackedFloatPointCompare.asm">
      <Filter>asm</Filter>
    </MASM>
    <MASM Include="asm\avxScalarFloatPointArithmetic.asm">
      <Filter>asm</Filter>
    </MASM>
    <MASM Include="asm\avxPackedFloatPointArithmetic.asm">
      <Filter>asm</Filter>
    </MASM>
    <MASM Include="asm\avxPackedIntegerArithmetic.asm">
      <Filter>asm</Filter>
    </MASM>
    <MASM Include="asm\avxPackedIntegerPackUnpack.asm">
      <Filter>asm</Filter>
    </MASM>
    <MASM Include="asm\cpuid.asm">
      <Filter>asm</Filter>
    </MASM>
    <MASM Include="asm\avxDataBroadcast.asm">
      <Filter>asm</Filter>
    </MASM>
    <MASM Include="asm\avxDataBlend.asm">
      <Filter>asm</Filter>
    </MASM>
    <MASM Include="asm\avxDataPermute.asm">
      <Filter>asm</Filter>
    </MASM>
  </ItemGroup>
</Project>